
Microsoft Visual Studio Solution File, Format Version 12.00
# Visual Studio 2013
VisualStudioVersion = 12.0.20827.3
MinimumVisualStudioVersion = 10.0.40219.1
Project("{FAE04EC0-301F-11D3-BF4B-00C04F79EFBC}") = "tes1", "tes1\tes1.csproj", "{2E20707F-E53D-4596-8B8A-B7F2DA207EBA}"
EndProject
Project("{FAE04EC0-301F-11D3-BF4B-00C04F79EFBC}") = "tes2", "tes2\tes2.csproj", "{75825884-2910-45C4-B9BB-EB6B8D6238CE}"
EndProject
Global
	GlobalSection(SolutionConfigurationPlatforms) = preSolution
		Debug|Any CPU = Debug|Any CPU
		Release|Any CPU = Release|Any CPU
	EndGlobalSection
	GlobalSection(ProjectConfigurationPlatforms) = postSolution
		{2E20707F-E53D-4596-8B8A-B7F2DA207EBA}.Debug|Any CPU.ActiveCfg = Debug|Any CPU
		{2E20707F-E53D-4596-8B8A-B7F2DA207EBA}.Debug|Any CPU.Build.0 = Debug|Any CPU
		{2E20707F-E53D-4596-8B8A-B7F2DA207EBA}.Release|Any CPU.ActiveCfg = Release|Any CPU
		{2E20707F-E53D-4596-8B8A-B7F2DA207EBA}.Release|Any CPU.Build.0 = Release|Any CPU
		{75825884-2910-45C4-B9BB-EB6B8D6238CE}.Debug|Any CPU.ActiveCfg = Debug|Any CPU
		{75825884-2910-45C4-B9BB-EB6B8D6238CE}.Debug|Any CPU.Build.0 = Debug|Any CPU
		{75825884-2910-45C4-B9BB-EB6B8D6238CE}.Release|Any CPU.ActiveCfg = Release|Any CPU
		{75825884-2910-45C4-B9BB-EB6B8D6238CE}.Release|Any CPU.Build.0 = Release|Any CPU
	EndGlobalSection
	GlobalSection(SolutionProperties) = preSolution
		HideSolutionNode = FALSE
	EndGlobalSection
EndGlobal
